
Microsoft Visual Studio Solution File, Format Version 11.00
# Visual Studio 2010
Project("{F184B08F-C81C-45F6-A57F-5ABD9991F28F}") = "TUOutlook2010AddIn", "TUOutlook2010AddIn\TUOutlook2010AddIn.vbproj", "{CE067E5B-97E1-4278-993B-A71EE681B262}"
EndProject
Global
	GlobalSection(SolutionConfigurationPlatforms) = preSolution
		Debug|Any CPU = Debug|Any CPU
		Release|Any CPU = Release|Any CPU
	EndGlobalSection
	GlobalSection(ProjectConfigurationPlatforms) = postSolution
		{CE067E5B-97E1-4278-993B-A71EE681B262}.Debug|Any CPU.ActiveCfg = Debug|Any CPU
		{CE067E5B-97E1-4278-993B-A71EE681B262}.Debug|Any CPU.Build.0 = Debug|Any CPU
		{CE067E5B-97E1-4278-993B-A71EE681B262}.Release|Any CPU.ActiveCfg = Release|Any CPU
		{CE067E5B-97E1-4278-993B-A71EE681B262}.Release|Any CPU.Build.0 = Release|Any CPU
	EndGlobalSection
	GlobalSection(SolutionProperties) = preSolution
		HideSolutionNode = FALSE
	EndGlobalSection
EndGlobal
